
Microsoft Visual Studio Solution File, Format Version 12.00
# Visual Studio Version 17
VisualStudioVersion = 17.9.34622.214
MinimumVisualStudioVersion = 10.0.40219.1
Project("{FAE04EC0-301F-11D3-BF4B-00C04F79EFBC}") = "WorkHunter.Models", "WorkHunter.Models\WorkHunter.Models.csproj", "{B5332A93-EA07-469E-9824-EFFA47F8DF5C}"
EndProject
Project("{FAE04EC0-301F-11D3-BF4B-00C04F79EFBC}") = "WorkHunter.Data", "WorkHunter.Data\WorkHunter.Data.csproj", "{9D7705A8-94A3-4762-AF7D-777897C931BB}"
EndProject
Project("{FAE04EC0-301F-11D3-BF4B-00C04F79EFBC}") = "WorkHunter.Services", "WorkHunter.Services\WorkHunter.Services.csproj", "{F8987664-8B5A-4226-9AB5-5BDD8E3BA226}"
EndProject
Project("{FAE04EC0-301F-11D3-BF4B-00C04F79EFBC}") = "WorkHunter.Abstractions", "Abstractions\WorkHunter.Abstractions.csproj", "{82EEA1AC-4D81-4931-A045-CD66D30BD1D0}"
EndProject
Project("{FAE04EC0-301F-11D3-BF4B-00C04F79EFBC}") = "Common", "Common\Common.csproj", "{2A7E301C-7352-47AD-AFCB-37CBD6711A2D}"
EndProject
Project("{FAE04EC0-301F-11D3-BF4B-00C04F79EFBC}") = "WorkHunter.UnitTests", "WorkHunter.UnitTests\WorkHunter.UnitTests.csproj", "{25B8B0DD-5FB7-4F46-A101-1EAE1A9D77C1}"
EndProject
Project("{FAE04EC0-301F-11D3-BF4B-00C04F79EFBC}") = "WorkHunter.Api", "WorkHunter.Api\WorkHunter.Api.csproj", "{6CA139A4-0C76-434C-82E9-536F63FDA3FB}"
EndProject
Project("{E53339B2-1760-4266-BCC7-CA923CBCF16C}") = "docker-compose", "docker-compose.dcproj", "{9980D53B-01DB-4479-902A-BDB7B5AA8B7C}"
EndProject
Project("{FAE04EC0-301F-11D3-BF4B-00C04F79EFBC}") = "EmailSender", "..\EmailSender\EmailSender.csproj", "{9DC885D6-0E2E-48A5-887D-7B71CF91DA2E}"
EndProject
Global
	GlobalSection(SolutionConfigurationPlatforms) = preSolution
		Debug|Any CPU = Debug|Any CPU
		Release|Any CPU = Release|Any CPU
	EndGlobalSection
	GlobalSection(ProjectConfigurationPlatforms) = postSolution
		{B5332A93-EA07-469E-9824-EFFA47F8DF5C}.Debug|Any CPU.ActiveCfg = Debug|Any CPU
		{B5332A93-EA07-469E-9824-EFFA47F8DF5C}.Debug|Any CPU.Build.0 = Debug|Any CPU
		{B5332A93-EA07-469E-9824-EFFA47F8DF5C}.Release|Any CPU.ActiveCfg = Release|Any CPU
		{B5332A93-EA07-469E-9824-EFFA47F8DF5C}.Release|Any CPU.Build.0 = Release|Any CPU
		{9D7705A8-94A3-4762-AF7D-777897C931BB}.Debug|Any CPU.ActiveCfg = Debug|Any CPU
		{9D7705A8-94A3-4762-AF7D-777897C931BB}.Debug|Any CPU.Build.0 = Debug|Any CPU
		{9D7705A8-94A3-4762-AF7D-777897C931BB}.Release|Any CPU.ActiveCfg = Release|Any CPU
		{9D7705A8-94A3-4762-AF7D-777897C931BB}.Release|Any CPU.Build.0 = Release|Any CPU
		{F8987664-8B5A-4226-9AB5-5BDD8E3BA226}.Debug|Any CPU.ActiveCfg = Debug|Any CPU
		{F8987664-8B5A-4226-9AB5-5BDD8E3BA226}.Debug|Any CPU.Build.0 = Debug|Any CPU
		{F8987664-8B5A-4226-9AB5-5BDD8E3BA226}.Release|Any CPU.ActiveCfg = Release|Any CPU
		{F8987664-8B5A-4226-9AB5-5BDD8E3BA226}.Release|Any CPU.Build.0 = Release|Any CPU
		{82EEA1AC-4D81-4931-A045-CD66D30BD1D0}.Debug|Any CPU.ActiveCfg = Debug|Any CPU
		{82EEA1AC-4D81-4931-A045-CD66D30BD1D0}.Debug|Any CPU.Build.0 = Debug|Any CPU
		{82EEA1AC-4D81-4931-A045-CD66D30BD1D0}.Release|Any CPU.ActiveCfg = Release|Any CPU
		{82EEA1AC-4D81-4931-A045-CD66D30BD1D0}.Release|Any CPU.Build.0 = Release|Any CPU
		{2A7E301C-7352-47AD-AFCB-37CBD6711A2D}.Debug|Any CPU.ActiveCfg = Debug|Any CPU
		{2A7E301C-7352-47AD-AFCB-37CBD6711A2D}.Debug|Any CPU.Build.0 = Debug|Any CPU
		{2A7E301C-7352-47AD-AFCB-37CBD6711A2D}.Release|Any CPU.ActiveCfg = Release|Any CPU
		{2A7E301C-7352-47AD-AFCB-37CBD6711A2D}.Release|Any CPU.Build.0 = Release|Any CPU
		{25B8B0DD-5FB7-4F46-A101-1EAE1A9D77C1}.Debug|Any CPU.ActiveCfg = Debug|Any CPU
		{25B8B0DD-5FB7-4F46-A101-1EAE1A9D77C1}.Debug|Any CPU.Build.0 = Debug|Any CPU
		{25B8B0DD-5FB7-4F46-A101-1EAE1A9D77C1}.Release|Any CPU.ActiveCfg = Release|Any CPU
		{25B8B0DD-5FB7-4F46-A101-1EAE1A9D77C1}.Release|Any CPU.Build.0 = Release|Any CPU
		{6CA139A4-0C76-434C-82E9-536F63FDA3FB}.Debug|Any CPU.ActiveCfg = Debug|Any CPU
		{6CA139A4-0C76-434C-82E9-536F63FDA3FB}.Debug|Any CPU.Build.0 = Debug|Any CPU
		{6CA139A4-0C76-434C-82E9-536F63FDA3FB}.Release|Any CPU.ActiveCfg = Release|Any CPU
		{6CA139A4-0C76-434C-82E9-536F63FDA3FB}.Release|Any CPU.Build.0 = Release|Any CPU
		{9980D53B-01DB-4479-902A-BDB7B5AA8B7C}.Debug|Any CPU.ActiveCfg = Debug|Any CPU
		{9980D53B-01DB-4479-902A-BDB7B5AA8B7C}.Debug|Any CPU.Build.0 = Debug|Any CPU
		{9980D53B-01DB-4479-902A-BDB7B5AA8B7C}.Release|Any CPU.ActiveCfg = Release|Any CPU
		{9980D53B-01DB-4479-902A-BDB7B5AA8B7C}.Release|Any CPU.Build.0 = Release|Any CPU
		{9DC885D6-0E2E-48A5-887D-7B71CF91DA2E}.Debug|Any CPU.ActiveCfg = Debug|Any CPU
		{9DC885D6-0E2E-48A5-887D-7B71CF91DA2E}.Debug|Any CPU.Build.0 = Debug|Any CPU
		{9DC885D6-0E2E-48A5-887D-7B71CF91DA2E}.Release|Any CPU.ActiveCfg = Release|Any CPU
		{9DC885D6-0E2E-48A5-887D-7B71CF91DA2E}.Release|Any CPU.Build.0 = Release|Any CPU
	EndGlobalSection
	GlobalSection(SolutionProperties) = preSolution
		HideSolutionNode = FALSE
	EndGlobalSection
	GlobalSection(ExtensibilityGlobals) = postSolution
		SolutionGuid = {EEABC5C0-C55E-4D62-9DE3-F0907375F46F}
	EndGlobalSection
EndGlobal
